Microsoft Visual Studio Solution File, Format Version 12.00
# Visual Studio Version 17
VisualStudioVersion = 17.5.33424.131
MinimumVisualStudioVersion = 10.0.40219.1
Project("{FAE04EC0-301F-11D3-BF4B-00C04F79EFBC}") = "ce100-hw1-algo-lib-cs", "ce100-hw1-algo-lib-cs\ce100-hw1-algo-lib-cs.csproj", "{64644558-EE20-4AAB-9257-8EB7E40F021A}"
EndProject
Project("{FAE04EC0-301F-11D3-BF4B-00C04F79EFBC}") = "ce100-hw1-algo-test-cs", "ce100-hw1-algo-test-cs\ce100-hw1-algo-test-cs.csproj", "{0A2E85C9-82D0-4813-A52C-60CE72462F46}"
EndProject
Global
	GlobalSection(SolutionConfigurationPlatforms) = preSolution
		Debug|Any CPU = Debug|Any CPU
		Release|Any CPU = Release|Any CPU
	EndGlobalSection
	GlobalSection(ProjectConfigurationPlatforms) = postSolution
		{64644558-EE20-4AAB-9257-8EB7E40F021A}.Debug|Any CPU.ActiveCfg = Debug|Any CPU
		{64644558-EE20-4AAB-9257-8EB7E40F021A}.Debug|Any CPU.Build.0 = Debug|Any CPU
		{64644558-EE20-4AAB-9257-8EB7E40F021A}.Release|Any CPU.ActiveCfg = Release|Any CPU
		{64644558-EE20-4AAB-9257-8EB7E40F021A}.Release|Any CPU.Build.0 = Release|Any CPU
		{0A2E85C9-82D0-4813-A52C-60CE72462F46}.Debug|Any CPU.ActiveCfg = Debug|Any CPU
		{0A2E85C9-82D0-4813-A52C-60CE72462F46}.Debug|Any CPU.Build.0 = Debug|Any CPU
		{0A2E85C9-82D0-4813-A52C-60CE72462F46}.Release|Any CPU.ActiveCfg = Release|Any CPU
		{0A2E85C9-82D0-4813-A52C-60CE72462F46}.Release|Any CPU.Build.0 = Release|Any CPU
	EndGlobalSection
	GlobalSection(SolutionProperties) = preSolution
		HideSolutionNode = FALSE
	EndGlobalSection
	GlobalSection(ExtensibilityGlobals) = postSolution
		SolutionGuid = {87A646D9-C323-41B8-88DC-C0FAEF668FBC}
	EndGlobalSection
EndGlobal
